{
  "name": "fentra-brand-film",
  "lockfileVersion": 3,
  "requires": true,
  "packages": {
    "": {
      "name": "fentra-brand-film",
      "dependencies": {
        "@fontsource/inter-tight": "5.1.0",
        "three": "0.170.0"
      }
    },
    "node_modules/@fontsource/inter-tight": {
      "version": "5.1.0",
      "resolved": "https://registry.npmjs.org/@fontsource/inter-tight/-/inter-tight-5.1.0.tgz",
      "integrity": "sha512-ouxh3sVcGVjL91+vl7JUEn3qLTEWX8RNhenZSgmX1hGCsbHt+MZ99CNiR5gOpoAh5QeBAPyiZlQDxtjwdqqpyg==",
      "license": "OFL-1.1"
    },
    "node_modules/three": {
      "version": "0.170.0",
      "resolved": "https://registry.npmjs.org/three/-/three-0.170.0.tgz",
      "integrity": "sha512-FQK+LEpYc0fBD+J8g6oSEyyNzjp+Q7Ks1C568WWaoMRLW+TkNNWmenWeGgJjV105Gd+p/2ql1ZcjYvNiPZBhuQ==",
      "license": "MIT"
    }
  }
}
